
Microsoft Visual Studio Solution File, Format Version 12.00
# Visual Studio 15
VisualStudioVersion = 15.0.28307.136
MinimumVisualStudioVersion = 10.0.40219.1
Project("{FAE04EC0-301F-11D3-BF4B-00C04F79EFBC}") = "LancoltLista", "LancoltLista\LancoltLista.csproj", "{83D22929-EF63-4F3C-8F43-F895D9587370}"
EndProject
Global
	GlobalSection(SolutionConfigurationPlatforms) = preSolution
		Debug|Any CPU = Debug|Any CPU
		Release|Any CPU = Release|Any CPU
	EndGlobalSection
	GlobalSection(ProjectConfigurationPlatforms) = postSolution
		{83D22929-EF63-4F3C-8F43-F895D9587370}.Debug|Any CPU.ActiveCfg = Debug|Any CPU
		{83D22929-EF63-4F3C-8F43-F895D9587370}.Debug|Any CPU.Build.0 = Debug|Any CPU
		{83D22929-EF63-4F3C-8F43-F895D9587370}.Release|Any CPU.ActiveCfg = Release|Any CPU
		{83D22929-EF63-4F3C-8F43-F895D9587370}.Release|Any CPU.Build.0 = Release|Any CPU
	EndGlobalSection
	GlobalSection(SolutionProperties) = preSolution
		HideSolutionNode = FALSE
	EndGlobalSection
	GlobalSection(ExtensibilityGlobals) = postSolution
		SolutionGuid = {7285B69A-4D5C-4076-B4DF-729B1F7B628D}
	EndGlobalSection
EndGlobal
